// !$*UTF8*$!
{
	archiveVersion = 1;
	classes = {
	};
	objectVersion = 46;
	objects = {

/* Begin PBXBuildFile section */
		55A64CF919EEC5D200811759 /* AppDelegate.swift in Sources */ = {isa = PBXBuildFile; fileRef = 55A64CF819EEC5D200811759 /* AppDelegate.swift */; };
		55A64CFB19EEC5D200811759 /* ViewController.swift in Sources */ = {isa = PBXBuildFile; fileRef = 55A64CFA19EEC5D200811759 /* ViewController.swift */; };
		55A64CFE19EEC5D200811759 /* Main.storyboard in Resources */ = {isa = PBXBuildFile; fileRef = 55A64CFC19EEC5D200811759 /* Main.storyboard */; };
		55A64D0019EEC5D200811759 /* Images.xcassets in Resources */ = {isa = PBXBuildFile; fileRef = 55A64CFF19EEC5D200811759 /* Images.xcassets */; };
		55A64D0319EEC5D200811759 /* LaunchScreen.xib in Resources */ = {isa = PBXBuildFile; fileRef = 55A64D0119EEC5D200811759 /* LaunchScreen.xib */; };
		55A64D0F19EEC5D200811759 /* CoreTextDemo_SwiftTests.swift in Sources */ = {isa = PBXBuildFile; fileRef = 55A64D0E19EEC5D200811759 /* CoreTextDemo_SwiftTests.swift */; };
/* End PBXBuildFile section */

/* Begin PBXContainerItemProxy section */
		55A64D0919EEC5D200811759 /* PBXContainerItemProxy */ = {
			isa = PBXContainerItemProxy;
			containerPortal = 55A64CEB19EEC5D200811759 /* Project object */;
			proxyType = 1;
			remoteGlobalIDString = 55A64CF219EEC5D200811759;
			remoteInfo = CoreTextDemo_Swift;
		};
/* End PBXContainerItemProxy section */

/* Begin PBXFileReference section */
		55A64CF319EEC5D200811759 /* CoreTextDemo_Swift.app */ = {isa = PBXFileReference; explicitFileType = wrapper.application; includeInIndex = 0; path = CoreTextDemo_Swift.app; sourceTree = BUILT_PRODUCTS_DIR; };
		55A64CF719EEC5D200811759 /* Info.plist */ = {isa = PBXFileReference; lastKnownFileType = text.plist.xml; path = Info.plist; sourceTree = "<group>"; };
		55A64CF819EEC5D200811759 /* AppDelegate.swift */ = {isa = PBXFileReference; lastKnownFileType = sourcecode.swift; path = AppDelegate.swift; sourceTree = "<group>"; };
		55A64CFA19EEC5D200811759 /* ViewController.swift */ = {isa = PBXFileReference; lastKnownFileType = sourcecode.swift; path = ViewController.swift; sourceTree = "<group>"; };
		55A64CFD19EEC5D200811759 /* Base */ = {isa = PBXFileReference; lastKnownFileType = file.storyboard; name = Base; path = Base.lproj/Main.storyboard; sourceTree = "<group>"; };
		55A64CFF19EEC5D200811759 /* Images.xcassets */ = {isa = PBXFileReference; lastKnownFileType = folder.assetcatalog; path = Images.xcassets; sourceTree = "<group>"; };
		55A64D0219EEC5D200811759 /* Base */ = {isa = PBXFileReference; lastKnownFileType = file.xib; name = Base; path = Base.lproj/LaunchScreen.xib; sourceTree = "<group>"; };
		55A64D0819EEC5D200811759 /* CoreTextDemo_SwiftTests.xctest */ = {isa = PBXFileReference; explicitFileType = wrapper.cfbundle; includeInIndex = 0; path = CoreTextDemo_SwiftTests.xctest; sourceTree = BUILT_PRODUCTS_DIR; };
		55A64D0D19EEC5D200811759 /* Info.plist */ = {isa = PBXFileReference; lastKnownFileType = text.plist.xml; path = Info.plist; sourceTree = "<group>"; };
		55A64D0E19EEC5D200811759 /* CoreTextDemo_SwiftTests.swift */ = {isa = PBXFileReference; lastKnownFileType = sourcecode.swift; path = CoreTextDemo_SwiftTests.swift; sourceTree = "<group>"; };
/* End PBXFileReference section */

/* Begin PBXFrameworksBuildPhase section */
		55A64CF019EEC5D200811759 /* Frameworks */ = {
			isa = PBXFrameworksBuildPhase;
			buildActionMask = 2147483647;
			files = (
			);
			runOnlyForDeploymentPostprocessing = 0;
		};
		55A64D0519EEC5D200811759 /* Frameworks */ = {
			isa = PBXFrameworksBuildPhase;
			buildActionMask = 2147483647;
			files = (
			);
			runOnlyForDeploymentPostprocessing = 0;
		};
/* End PBXFrameworksBuildPhase section */

/* Begin PBXGroup section */
		55A64CEA19EEC5D200811759 = {
			isa = PBXGroup;
			children = (
				55A64CF519EEC5D200811759 /* CoreTextDemo_Swift */,
				55A64D0B19EEC5D200811759 /* CoreTextDemo_SwiftTests */,
				55A64CF419EEC5D200811759 /* Products */,
			);
			sourceTree = "<group>";
		};
		55A64CF419EEC5D200811759 /* Products */ = {
			isa = PBXGroup;
			children = (
				55A64CF319EEC5D200811759 /* CoreTextDemo_Swift.app */,
				55A64D0819EEC5D200811759 /* CoreTextDemo_SwiftTests.xctest */,
			);
			name = Products;
			sourceTree = "<group>";
		};
		55A64CF519EEC5D200811759 /* CoreTextDemo_Swift */ = {
			isa = PBXGroup;
			children = (
				55A64CF819EEC5D200811759 /* AppDelegate.swift */,
				55A64CFA19EEC5D200811759 /* ViewController.swift */,
				55A64CFC19EEC5D200811759 /* Main.storyboard */,
				55A64CFF19EEC5D200811759 /* Images.xcassets */,
				55A64D0119EEC5D200811759 /* LaunchScreen.xib */,
				55A64CF619EEC5D200811759 /* Supporting Files */,
			);
			path = CoreTextDemo_Swift;
			sourceTree = "<group>";
		};
		55A64CF619EEC5D200811759 /* Supporting Files */ = {
			isa = PBXGroup;
			children = (
				55A64CF719EEC5D200811759 /* Info.plist */,
			);
			name = "Supporting Files";
			sourceTree = "<group>";
		};
		55A64D0B19EEC5D200811759 /* CoreTextDemo_SwiftTests */ = {
			isa = PBXGroup;
			children = (
				55A64D0E19EEC5D200811759 /* CoreTextDemo_SwiftTests.swift */,
				55A64D0C19EEC5D200811759 /* Supporting Files */,
			);
			path = CoreTextDemo_SwiftTests;
			sourceTree = "<group>";
		};
		55A64D0C19EEC5D200811759 /* Supporting Files */ = {
			isa = PBXGroup;
			children = (
				55A64D0D19EEC5D200811759 /* Info.plist */,
			);
			name = "Supporting Files";
			sourceTree = "<group>";
		};
/* End PBXGroup section */

/* Begin PBXNativeTarget section */
		55A64CF219EEC5D200811759 /* CoreTextDemo_Swift */ = {
			isa = PBXNativeTarget;
			buildConfigurationList = 55A64D1219EEC5D200811759 /* Build configuration list for PBXNativeTarget "CoreTextDemo_Swift" */;
			buildPhases = (
				55A64CEF19EEC5D200811759 /* Sources */,
				55A64CF019EEC5D200811759 /* Frameworks */,
				55A64CF119EEC5D200811759 /* Resources */,
			);
			buildRules = (
			);
			dependencies = (
			);
			name = CoreTextDemo_Swift;
			productName = CoreTextDemo_Swift;
			productReference = 55A64CF319EEC5D200811759 /* CoreTextDemo_Swift.app */;
			productType = "com.apple.product-type.application";
		};
		55A64D0719EEC5D200811759 /* CoreTextDemo_SwiftTests */ = {
			isa = PBXNativeTarget;
			buildConfigurationList = 55A64D1519EEC5D200811759 /* Build configuration list for PBXNativeTarget "CoreTextDemo_SwiftTests" */;
			buildPhases = (
				55A64D0419EEC5D200811759 /* Sources */,
				55A64D0519EEC5D200811759 /* Frameworks */,
				55A64D0619EEC5D200811759 /* Resources */,
			);
			buildRules = (
			);
			dependencies = (
				55A64D0A19EEC5D200811759 /* PBXTargetDependency */,
			);
			name = CoreTextDemo_SwiftTests;
			productName = CoreTextDemo_SwiftTests;
			productReference = 55A64D0819EEC5D200811759 /* CoreTextDemo_SwiftTests.xctest */;
			productType = "com.apple.product-type.bundle.unit-test";
		};
/* End PBXNativeTarget section */

/* Begin PBXProject section */
		55A64CEB19EEC5D200811759 /* Project object */ = {
			isa = PBXProject;
			attributes = {
				LastUpgradeCheck = 0610;
				ORGANIZATIONNAME = cxjwin;
				TargetAttributes = {
					55A64CF219EEC5D200811759 = {
						CreatedOnToolsVersion = 6.1;
					};
					55A64D0719EEC5D200811759 = {
						CreatedOnToolsVersion = 6.1;
						TestTargetID = 55A64CF219EEC5D200811759;
					};
				};
			};
			buildConfigurationList = 55A64CEE19EEC5D200811759 /* Build configuration list for PBXProject "CoreTextDemo_Swift" */;
			compatibilityVersion = "Xcode 3.2";
			developmentRegion = English;
			hasScannedForEncodings = 0;
			knownRegions = (
				en,
				Base,
			);
			mainGroup = 55A64CEA19EEC5D200811759;
			productRefGroup = 55A64CF419EEC5D200811759 /* Products */;
			projectDirPath = "";
			projectRoot = "";
			targets = (
				55A64CF219EEC5D200811759 /* CoreTextDemo_Swift */,
				55A64D0719EEC5D200811759 /* CoreTextDemo_SwiftTests */,
			);
		};
/* End PBXProject section */

/* Begin PBXResourcesBuildPhase section */
		55A64CF119EEC5D200811759 /* Resources */ = {
			isa = PBXResourcesBuildPhase;
			buildActionMask = 2147483647;
			files = (
				55A64CFE19EEC5D200811759 /* Main.storyboard in Resources */,
				55A64D0319EEC5D200811759 /* LaunchScreen.xib in Resources */,
				55A64D0019EEC5D200811759 /* Images.xcassets in Resources */,
			);
			runOnlyForDeploymentPostprocessing = 0;
		};
		55A64D0619EEC5D200811759 /* Resources */ = {
			isa = PBXResourcesBuildPhase;
			buildActionMask = 2147483647;
			files = (
			);
			runOnlyForDeploymentPostprocessing = 0;
		};
/* End PBXResourcesBuildPhase section */

/* Begin PBXSourcesBuildPhase section */
		55A64CEF19EEC5D200811759 /* Sources */ = {
			isa = PBXSourcesBuildPhase;
			buildActionMask = 2147483647;
			files = (
				55A64CFB19EEC5D200811759 /* ViewController.swift in Sources */,
				55A64CF919EEC5D200811759 /* AppDelegate.swift in Sources */,
			);
			runOnlyForDeploymentPostprocessing = 0;
		};
		55A64D0419EEC5D200811759 /* Sources */ = {
			isa = PBXSourcesBuildPhase;
			buildActionMask = 2147483647;
			files = (
				55A64D0F19EEC5D200811759 /* CoreTextDemo_SwiftTests.swift in Sources */,
			);
			runOnlyForDeploymentPostprocessing = 0;
		};
/* End PBXSourcesBuildPhase section */

/* Begin PBXTargetDependency section */
		55A64D0A19EEC5D200811759 /* PBXTargetDependency */ = {
			isa = PBXTargetDependency;
			target = 55A64CF219EEC5D200811759 /* CoreTextDemo_Swift */;
			targetProxy = 55A64D0919EEC5D200811759 /* PBXContainerItemProxy */;
		};
/* End PBXTargetDependency section */

/* Begin PBXVariantGroup section */
		55A64CFC19EEC5D200811759 /* Main.storyboard */ = {
			isa = PBXVariantGroup;
			children = (
				55A64CFD19EEC5D200811759 /* Base */,
			);
			name = Main.storyboard;
			sourceTree = "<group>";
		};
		55A64D0119EEC5D200811759 /* LaunchScreen.xib */ = {
			isa = PBXVariantGroup;
			children = (
				55A64D0219EEC5D200811759 /* Base */,
			);
			name = LaunchScreen.xib;
			sourceTree = "<group>";
		};
/* End PBXVariantGroup section */

/* Begin XCBuildConfiguration section */
		55A64D1019EEC5D200811759 /* Debug */ = {
			isa = XCBuildConfiguration;
			buildSettings = {
				ALWAYS_SEARCH_USER_PATHS = NO;
				CLANG_CXX_LANGUAGE_STANDARD = "gnu++0x";
				CLANG_CXX_LIBRARY = "libc++";
				CLANG_ENABLE_MODULES = YES;
				CLANG_ENABLE_OBJC_ARC = YES;
				CLANG_WARN_BOOL_CONVERSION = YES;
				CLANG_WARN_CONSTANT_CONVERSION = YES;
				CLANG_WARN_DIRECT_OBJC_ISA_USAGE = YES_ERROR;
				CLANG_WARN_EMPTY_BODY = YES;
				CLANG_WARN_ENUM_CONVERSION = YES;
				CLANG_WARN_INT_CONVERSION = YES;
				CLANG_WARN_OBJC_ROOT_CLASS = YES_ERROR;
				CLANG_WARN_UNREACHABLE_CODE = YES;
				CLANG_WARN__DUPLICATE_METHOD_MATCH = YES;
				"CODE_SIGN_IDENTITY[sdk=iphoneos*]" = "iPhone Developer";
				COPY_PHASE_STRIP = NO;
				ENABLE_STRICT_OBJC_MSGSEND = YES;
				GCC_C_LANGUAGE_STANDARD = gnu99;
				GCC_DYNAMIC_NO_PIC = NO;
				GCC_OPTIMIZATION_LEVEL = 0;
				GCC_PREPROCESSOR_DEFINITIONS = (
					"DEBUG=1",
					"$(inherited)",
				);
				GCC_SYMBOLS_PRIVATE_EXTERN = NO;
				GCC_WARN_64_TO_32_BIT_CONVERSION = YES;
				GCC_WARN_ABOUT_RETURN_TYPE = YES_ERROR;
				GCC_WARN_UNDECLARED_SELECTOR = YES;
				GCC_WARN_UNINITIALIZED_AUTOS = YES_AGGRESSIVE;
				GCC_WARN_UNUSED_FUNCTION = YES;
				GCC_WARN_UNUSED_VARIABLE = YES;
				IPHONEOS_DEPLOYMENT_TARGET = 8.1;
				MTL_ENABLE_DEBUG_INFO = YES;
				ONLY_ACTIVE_ARCH = YES;
				SDKROOT = iphoneos;
				SWIFT_OPTIMIZATION_LEVEL = "-Onone";
				TARGETED_DEVICE_FAMILY = "1,2";
			};
			name = Debug;
		};
		55A64D1119EEC5D200811759 /* Release */ = {
			isa = XCBuildConfiguration;
			buildSettings = {
				ALWAYS_SEARCH_USER_PATHS = NO;
				CLANG_CXX_LANGUAGE_STANDARD = "gnu++0x";
				CLANG_CXX_LIBRARY = "libc++";
				CLANG_ENABLE_MODULES = YES;
				CLANG_ENABLE_OBJC_ARC = YES;
				CLANG_WARN_BOOL_CONVERSION = YES;
				CLANG_WARN_CONSTANT_CONVERSION = YES;
				CLANG_WARN_DIRECT_OBJC_ISA_USAGE = YES_ERROR;
				CLANG_WARN_EMPTY_BODY = YES;
				CLANG_WARN_ENUM_CONVERSION = YES;
				CLANG_WARN_INT_CONVERSION = YES;
				CLANG_WARN_OBJC_ROOT_CLASS = YES_ERROR;
				CLANG_WARN_UNREACHABLE_CODE = YES;
				CLANG_WARN__DUPLICATE_METHOD_MATCH = YES;
				"CODE_SIGN_IDENTITY[sdk=iphoneos*]" = "iPhone Developer";
				COPY_PHASE_STRIP = YES;
				ENABLE_NS_ASSERTIONS = NO;
				ENABLE_STRICT_OBJC_MSGSEND = YES;
				GCC_C_LANGUAGE_STANDARD = gnu99;
				GCC_WARN_64_TO_32_BIT_CONVERSION = YES;
				GCC_WARN_ABOUT_RETURN_TYPE = YES_ERROR;
				GCC_WARN_UNDECLARED_SELECTOR = YES;
				GCC_WARN_UNINITIALIZED_AUTOS = YES_AGGRESSIVE;
				GCC_WARN_UNUSED_FUNCTION = YES;
				GCC_WARN_UNUSED_VARIABLE = YES;
				IPHONEOS_DEPLOYMENT_TARGET = 8.1;
				MTL_ENABLE_DEBUG_INFO = NO;
				SDKROOT = iphoneos;
				TARGETED_DEVICE_FAMILY = "1,2";
				VALIDATE_PRODUCT = YES;
			};
			name = Release;
		};
		55A64D1319EEC5D200811759 /* Debug */ = {
			isa = XCBuildConfiguration;
			buildSettings = {
				ASSETCATALOG_COMPILER_APPICON_NAME = AppIcon;
				INFOPLIST_FILE = CoreTextDemo_Swift/Info.plist;
				LD_RUNPATH_SEARCH_PATHS = "$(inherited) @executable_path/Frameworks";
				PRODUCT_NAME = "$(TARGET_NAME)";
			};
			name = Debug;
		};
		55A64D1419EEC5D200811759 /* Release */ = {
			isa = XCBuildConfiguration;
			buildSettings = {
				ASSETCATALOG_COMPILER_APPICON_NAME = AppIcon;
				INFOPLIST_FILE = CoreTextDemo_Swift/Info.plist;
				LD_RUNPATH_SEARCH_PATHS = "$(inherited) @executable_path/Frameworks";
				PRODUCT_NAME = "$(TARGET_NAME)";
			};
			name = Release;
		};
		55A64D1619EEC5D200811759 /* Debug */ = {
			isa = XCBuildConfiguration;
			buildSettings = {
				BUNDLE_LOADER = "$(TEST_HOST)";
				FRAMEWORK_SEARCH_PATHS = (
					"$(SDKROOT)/Developer/Library/Frameworks",
					"$(inherited)",
				);
				GCC_PREPROCESSOR_DEFINITIONS = (
					"DEBUG=1",
					"$(inherited)",
				);
				INFOPLIST_FILE = CoreTextDemo_SwiftTests/Info.plist;
				LD_RUNPATH_SEARCH_PATHS = "$(inherited) @executable_path/Frameworks @loader_path/Frameworks";
				PRODUCT_NAME = "$(TARGET_NAME)";
				TEST_HOST = "$(BUILT_PRODUCTS_DIR)/CoreTextDemo_Swift.app/CoreTextDemo_Swift";
			};
			name = Debug;
		};
		55A64D1719EEC5D200811759 /* Release */ = {
			isa = XCBuildConfiguration;
			buildSettings = {
				BUNDLE_LOADER = "$(TEST_HOST)";
				FRAMEWORK_SEARCH_PATHS = (
					"$(SDKROOT)/Developer/Library/Frameworks",
					"$(inherited)",
				);
				INFOPLIST_FILE = CoreTextDemo_SwiftTests/Info.plist;
				LD_RUNPATH_SEARCH_PATHS = "$(inherited) @executable_path/Frameworks @loader_path/Frameworks";
				PRODUCT_NAME = "$(TARGET_NAME)";
				TEST_HOST = "$(BUILT_PRODUCTS_DIR)/CoreTextDemo_Swift.app/CoreTextDemo_Swift";
			};
			name = Release;
		};
/* End XCBuildConfiguration section */

/* Begin XCConfigurationList section */
		55A64CEE19EEC5D200811759 /* Build configuration list for PBXProject "CoreTextDemo_Swift" */ = {
			isa = XCConfigurationList;
			buildConfigurations = (
				55A64D1019EEC5D200811759 /* Debug */,
				55A64D1119EEC5D200811759 /* Release */,
			);
			defaultConfigurationIsVisible = 0;
			defaultConfigurationName = Release;
		};
		55A64D1219EEC5D200811759 /* Build configuration list for PBXNativeTarget "CoreTextDemo_Swift" */ = {
			isa = XCConfigurationList;
			buildConfigurations = (
				55A64D1319EEC5D200811759 /* Debug */,
				55A64D1419EEC5D200811759 /* Release */,
			);
			defaultConfigurationIsVisible = 0;
		};
		55A64D1519EEC5D200811759 /* Build configuration list for PBXNativeTarget "CoreTextDemo_SwiftTests" */ = {
			isa = XCConfigurationList;
			buildConfigurations = (
				55A64D1619EEC5D200811759 /* Debug */,
				55A64D1719EEC5D200811759 /* Release */,
			);
			defaultConfigurationIsVisible = 0;
		};
/* End XCConfigurationList section */
	};
	rootObject = 55A64CEB19EEC5D200811759 /* Project object */;
}
